
Microsoft Visual Studio Solution File, Format Version 12.00
# Visual Studio Version 17
VisualStudioVersion = 17.10.35013.160
MinimumVisualStudioVersion = 10.0.40219.1
Project("{9A19103F-16F7-4668-BE54-9A1E7A4F7556}") = "HW_30101_Class", "HW_30101_Class\HW_30101_Class.csproj", "{90D6E45E-0142-450C-91C6-CF16ED51AEA5}"
EndProject
Project("{9A19103F-16F7-4668-BE54-9A1E7A4F7556}") = "HW_30106_abstract", "HW_30106_abstract\HW_30106_abstract.csproj", "{C112ADAD-CE1C-4578-B864-A423A392F76F}"
EndProject
Project("{9A19103F-16F7-4668-BE54-9A1E7A4F7556}") = "HW_30102_Constructors", "HW_30102_Constructors\HW_30102_Constructors.csproj", "{EA05365C-2728-4599-A58E-10A6C1760076}"
EndProject
Project("{9A19103F-16F7-4668-BE54-9A1E7A4F7556}") = "HW_30201_Generic", "HW_30201_Generic\HW_30201_Generic.csproj", "{AE77E555-DE9C-4F04-B937-EF7FAF664EBD}"
EndProject
Project("{FAE04EC0-301F-11D3-BF4B-00C04F79EFBC}") = "HW_30203_delegate", "HW_30203_delegate\HW_30203_delegate.csproj", "{7D03D78C-5730-4D08-938B-A32F2E05D66C}"
EndProject
Global
	GlobalSection(SolutionConfigurationPlatforms) = preSolution
		Debug|Any CPU = Debug|Any CPU
		Release|Any CPU = Release|Any CPU
	EndGlobalSection
	GlobalSection(ProjectConfigurationPlatforms) = postSolution
		{90D6E45E-0142-450C-91C6-CF16ED51AEA5}.Debug|Any CPU.ActiveCfg = Debug|Any CPU
		{90D6E45E-0142-450C-91C6-CF16ED51AEA5}.Debug|Any CPU.Build.0 = Debug|Any CPU
		{90D6E45E-0142-450C-91C6-CF16ED51AEA5}.Release|Any CPU.ActiveCfg = Release|Any CPU
		{90D6E45E-0142-450C-91C6-CF16ED51AEA5}.Release|Any CPU.Build.0 = Release|Any CPU
		{C112ADAD-CE1C-4578-B864-A423A392F76F}.Debug|Any CPU.ActiveCfg = Debug|Any CPU
		{C112ADAD-CE1C-4578-B864-A423A392F76F}.Debug|Any CPU.Build.0 = Debug|Any CPU
		{C112ADAD-CE1C-4578-B864-A423A392F76F}.Release|Any CPU.ActiveCfg = Release|Any CPU
		{C112ADAD-CE1C-4578-B864-A423A392F76F}.Release|Any CPU.Build.0 = Release|Any CPU
		{EA05365C-2728-4599-A58E-10A6C1760076}.Debug|Any CPU.ActiveCfg = Debug|Any CPU
		{EA05365C-2728-4599-A58E-10A6C1760076}.Debug|Any CPU.Build.0 = Debug|Any CPU
		{EA05365C-2728-4599-A58E-10A6C1760076}.Release|Any CPU.ActiveCfg = Release|Any CPU
		{EA05365C-2728-4599-A58E-10A6C1760076}.Release|Any CPU.Build.0 = Release|Any CPU
		{AE77E555-DE9C-4F04-B937-EF7FAF664EBD}.Debug|Any CPU.ActiveCfg = Debug|Any CPU
		{AE77E555-DE9C-4F04-B937-EF7FAF664EBD}.Debug|Any CPU.Build.0 = Debug|Any CPU
		{AE77E555-DE9C-4F04-B937-EF7FAF664EBD}.Release|Any CPU.ActiveCfg = Release|Any CPU
		{AE77E555-DE9C-4F04-B937-EF7FAF664EBD}.Release|Any CPU.Build.0 = Release|Any CPU
		{7D03D78C-5730-4D08-938B-A32F2E05D66C}.Debug|Any CPU.ActiveCfg = Debug|Any CPU
		{7D03D78C-5730-4D08-938B-A32F2E05D66C}.Debug|Any CPU.Build.0 = Debug|Any CPU
		{7D03D78C-5730-4D08-938B-A32F2E05D66C}.Release|Any CPU.ActiveCfg = Release|Any CPU
		{7D03D78C-5730-4D08-938B-A32F2E05D66C}.Release|Any CPU.Build.0 = Release|Any CPU
	EndGlobalSection
	GlobalSection(SolutionProperties) = preSolution
		HideSolutionNode = FALSE
	EndGlobalSection
	GlobalSection(ExtensibilityGlobals) = postSolution
		SolutionGuid = {BF37E76F-EAB5-4C40-9123-93DD4C257A29}
	EndGlobalSection
EndGlobal
