
Microsoft Visual Studio Solution File, Format Version 12.00
# Visual Studio Version 17
VisualStudioVersion = 17.10.35013.160
MinimumVisualStudioVersion = 10.0.40219.1
Project("{9A19103F-16F7-4668-BE54-9A1E7A4F7556}") = "HW_30101_Class", "HW_30101_Class\HW_30101_Class.csproj", "{90D6E45E-0142-450C-91C6-CF16ED51AEA5}"
EndProject
Project("{9A19103F-16F7-4668-BE54-9A1E7A4F7556}") = "HW_30106_abstract", "HW_30106_abstract\HW_30106_abstract.csproj", "{C112ADAD-CE1C-4578-B864-A423A392F76F}"
EndProject
Project("{9A19103F-16F7-4668-BE54-9A1E7A4F7556}") = "HW_30102_Constructors", "HW_30102_Constructors\HW_30102_Constructors.csproj", "{EA05365C-2728-4599-A58E-10A6C1760076}"
EndProject
Project("{9A19103F-16F7-4668-BE54-9A1E7A4F7556}") = "HW_30201_Generic", "HW_30201_Generic\HW_30201_Generic.csproj", "{AE77E555-DE9C-4F04-B937-EF7FAF664EBD}"
EndProject
Project("{9A19103F-16F7-4668-BE54-9A1E7A4F7556}") = "HW_30203_delegate", "HW_30203_delegate\HW_30203_delegate.csproj", "{7D03D78C-5730-4D08-938B-A32F2E05D66C}"
EndProject
Project("{2150E333-8FDC-42A3-9474-1A3956D46DE8}") = "솔루션 항목", "솔루션 항목", "{45D39593-E1C1-4888-9C5C-794F5CB6A496}"
	ProjectSection(SolutionItems) = preProject
		study_immutable과 string.md = study_immutable과 string.md
		study_자료구조.md = study_자료구조.md
		study_확장 메서드와 프로퍼티, 연산자 재정의.md = study_확장 메서드와 프로퍼티, 연산자 재정의.md
	EndProjectSection
EndProject
Project("{9A19103F-16F7-4668-BE54-9A1E7A4F7556}") = "HW_30204_Extension", "HW_30204_Extension\HW_30204_Extension.csproj", "{4A8B6054-E0AD-423C-931B-4059D35311C8}"
EndProject
Project("{9A19103F-16F7-4668-BE54-9A1E7A4F7556}") = "HW_30302_List", "HW_30302_List\HW_30302_List.csproj", "{D2C625BE-EA8F-4A25-BA3F-D6385A677226}"
EndProject
Project("{9A19103F-16F7-4668-BE54-9A1E7A4F7556}") = "HW_30302_LinkedList", "HW_30302_LinkedList\HW_30302_LinkedList.csproj", "{E7990D56-8408-4EED-8FEA-458F9B044A84}"
EndProject
Project("{9A19103F-16F7-4668-BE54-9A1E7A4F7556}") = "HW_30303_Stack", "HW_30303_Stack\HW_30303_Stack.csproj", "{440527F5-EE3E-49AB-B552-CD2ABF2A0C05}"
EndProject
Project("{9A19103F-16F7-4668-BE54-9A1E7A4F7556}") = "HW_30303_Queue", "HW_30303_Queue\HW_30303_Queue.csproj", "{3167577E-8530-4858-9A72-6572BA55028C}"
EndProject
Project("{FAE04EC0-301F-11D3-BF4B-00C04F79EFBC}") = "HW_30304_Dictionary", "HW_30304_Dictionary\HW_30304_Dictionary.csproj", "{2A83781F-1574-42C3-89D0-CC9D1EC8615F}"
EndProject
Global
	GlobalSection(SolutionConfigurationPlatforms) = preSolution
		Debug|Any CPU = Debug|Any CPU
		Release|Any CPU = Release|Any CPU
	EndGlobalSection
	GlobalSection(ProjectConfigurationPlatforms) = postSolution
		{90D6E45E-0142-450C-91C6-CF16ED51AEA5}.Debug|Any CPU.ActiveCfg = Debug|Any CPU
		{90D6E45E-0142-450C-91C6-CF16ED51AEA5}.Debug|Any CPU.Build.0 = Debug|Any CPU
		{90D6E45E-0142-450C-91C6-CF16ED51AEA5}.Release|Any CPU.ActiveCfg = Release|Any CPU
		{90D6E45E-0142-450C-91C6-CF16ED51AEA5}.Release|Any CPU.Build.0 = Release|Any CPU
		{C112ADAD-CE1C-4578-B864-A423A392F76F}.Debug|Any CPU.ActiveCfg = Debug|Any CPU
		{C112ADAD-CE1C-4578-B864-A423A392F76F}.Debug|Any CPU.Build.0 = Debug|Any CPU
		{C112ADAD-CE1C-4578-B864-A423A392F76F}.Release|Any CPU.ActiveCfg = Release|Any CPU
		{C112ADAD-CE1C-4578-B864-A423A392F76F}.Release|Any CPU.Build.0 = Release|Any CPU
		{EA05365C-2728-4599-A58E-10A6C1760076}.Debug|Any CPU.ActiveCfg = Debug|Any CPU
		{EA05365C-2728-4599-A58E-10A6C1760076}.Debug|Any CPU.Build.0 = Debug|Any CPU
		{EA05365C-2728-4599-A58E-10A6C1760076}.Release|Any CPU.ActiveCfg = Release|Any CPU
		{EA05365C-2728-4599-A58E-10A6C1760076}.Release|Any CPU.Build.0 = Release|Any CPU
		{AE77E555-DE9C-4F04-B937-EF7FAF664EBD}.Debug|Any CPU.ActiveCfg = Debug|Any CPU
		{AE77E555-DE9C-4F04-B937-EF7FAF664EBD}.Debug|Any CPU.Build.0 = Debug|Any CPU
		{AE77E555-DE9C-4F04-B937-EF7FAF664EBD}.Release|Any CPU.ActiveCfg = Release|Any CPU
		{AE77E555-DE9C-4F04-B937-EF7FAF664EBD}.Release|Any CPU.Build.0 = Release|Any CPU
		{7D03D78C-5730-4D08-938B-A32F2E05D66C}.Debug|Any CPU.ActiveCfg = Debug|Any CPU
		{7D03D78C-5730-4D08-938B-A32F2E05D66C}.Debug|Any CPU.Build.0 = Debug|Any CPU
		{7D03D78C-5730-4D08-938B-A32F2E05D66C}.Release|Any CPU.ActiveCfg = Release|Any CPU
		{7D03D78C-5730-4D08-938B-A32F2E05D66C}.Release|Any CPU.Build.0 = Release|Any CPU
		{4A8B6054-E0AD-423C-931B-4059D35311C8}.Debug|Any CPU.ActiveCfg = Debug|Any CPU
		{4A8B6054-E0AD-423C-931B-4059D35311C8}.Debug|Any CPU.Build.0 = Debug|Any CPU
		{4A8B6054-E0AD-423C-931B-4059D35311C8}.Release|Any CPU.ActiveCfg = Release|Any CPU
		{4A8B6054-E0AD-423C-931B-4059D35311C8}.Release|Any CPU.Build.0 = Release|Any CPU
		{D2C625BE-EA8F-4A25-BA3F-D6385A677226}.Debug|Any CPU.ActiveCfg = Debug|Any CPU
		{D2C625BE-EA8F-4A25-BA3F-D6385A677226}.Debug|Any CPU.Build.0 = Debug|Any CPU
		{D2C625BE-EA8F-4A25-BA3F-D6385A677226}.Release|Any CPU.ActiveCfg = Release|Any CPU
		{D2C625BE-EA8F-4A25-BA3F-D6385A677226}.Release|Any CPU.Build.0 = Release|Any CPU
		{E7990D56-8408-4EED-8FEA-458F9B044A84}.Debug|Any CPU.ActiveCfg = Debug|Any CPU
		{E7990D56-8408-4EED-8FEA-458F9B044A84}.Debug|Any CPU.Build.0 = Debug|Any CPU
		{E7990D56-8408-4EED-8FEA-458F9B044A84}.Release|Any CPU.ActiveCfg = Release|Any CPU
		{E7990D56-8408-4EED-8FEA-458F9B044A84}.Release|Any CPU.Build.0 = Release|Any CPU
		{440527F5-EE3E-49AB-B552-CD2ABF2A0C05}.Debug|Any CPU.ActiveCfg = Debug|Any CPU
		{440527F5-EE3E-49AB-B552-CD2ABF2A0C05}.Debug|Any CPU.Build.0 = Debug|Any CPU
		{440527F5-EE3E-49AB-B552-CD2ABF2A0C05}.Release|Any CPU.ActiveCfg = Release|Any CPU
		{440527F5-EE3E-49AB-B552-CD2ABF2A0C05}.Release|Any CPU.Build.0 = Release|Any CPU
		{3167577E-8530-4858-9A72-6572BA55028C}.Debug|Any CPU.ActiveCfg = Debug|Any CPU
		{3167577E-8530-4858-9A72-6572BA55028C}.Debug|Any CPU.Build.0 = Debug|Any CPU
		{3167577E-8530-4858-9A72-6572BA55028C}.Release|Any CPU.ActiveCfg = Release|Any CPU
		{3167577E-8530-4858-9A72-6572BA55028C}.Release|Any CPU.Build.0 = Release|Any CPU
		{2A83781F-1574-42C3-89D0-CC9D1EC8615F}.Debug|Any CPU.ActiveCfg = Debug|Any CPU
		{2A83781F-1574-42C3-89D0-CC9D1EC8615F}.Debug|Any CPU.Build.0 = Debug|Any CPU
		{2A83781F-1574-42C3-89D0-CC9D1EC8615F}.Release|Any CPU.ActiveCfg = Release|Any CPU
		{2A83781F-1574-42C3-89D0-CC9D1EC8615F}.Release|Any CPU.Build.0 = Release|Any CPU
	EndGlobalSection
	GlobalSection(SolutionProperties) = preSolution
		HideSolutionNode = FALSE
	EndGlobalSection
	GlobalSection(ExtensibilityGlobals) = postSolution
		SolutionGuid = {BF37E76F-EAB5-4C40-9123-93DD4C257A29}
	EndGlobalSection
EndGlobal
