
Microsoft Visual Studio Solution File, Format Version 12.00
# Visual Studio Version 17
VisualStudioVersion = 17.10.35013.160
MinimumVisualStudioVersion = 10.0.40219.1
Project("{FAE04EC0-301F-11D3-BF4B-00C04F79EFBC}") = "HW_30102_Constructors", "HW_30102_Constructors.csproj", "{6E1FC610-2B76-4959-9766-B083D9A758EE}"
EndProject
Global
	GlobalSection(SolutionConfigurationPlatforms) = preSolution
		Debug|Any CPU = Debug|Any CPU
		Release|Any CPU = Release|Any CPU
	EndGlobalSection
	GlobalSection(ProjectConfigurationPlatforms) = postSolution
		{6E1FC610-2B76-4959-9766-B083D9A758EE}.Debug|Any CPU.ActiveCfg = Debug|Any CPU
		{6E1FC610-2B76-4959-9766-B083D9A758EE}.Debug|Any CPU.Build.0 = Debug|Any CPU
		{6E1FC610-2B76-4959-9766-B083D9A758EE}.Release|Any CPU.ActiveCfg = Release|Any CPU
		{6E1FC610-2B76-4959-9766-B083D9A758EE}.Release|Any CPU.Build.0 = Release|Any CPU
	EndGlobalSection
	GlobalSection(SolutionProperties) = preSolution
		HideSolutionNode = FALSE
	EndGlobalSection
	GlobalSection(ExtensibilityGlobals) = postSolution
		SolutionGuid = {AE1BE57F-5201-4E39-8F1B-D87F9A9355AC}
	EndGlobalSection
EndGlobal
